
Microsoft Visual Studio Solution File, Format Version 12.00
# Visual Studio Version 17
VisualStudioVersion = 17.5.33414.496
MinimumVisualStudioVersion = 10.0.40219.1
Project("{FAE04EC0-301F-11D3-BF4B-00C04F79EFBC}") = "SAEFrigoBibliothèqueUtilisateur", "SAEFrigoBibliothèqueUtilisateur\SAEFrigoBibliothèqueUtilisateur.csproj", "{5DEC309F-AC94-443D-9014-D091325D1F5F}"
EndProject
Global
	GlobalSection(SolutionConfigurationPlatforms) = preSolution
		Debug|Any CPU = Debug|Any CPU
		Release|Any CPU = Release|Any CPU
	EndGlobalSection
	GlobalSection(ProjectConfigurationPlatforms) = postSolution
		{5DEC309F-AC94-443D-9014-D091325D1F5F}.Debug|Any CPU.ActiveCfg = Debug|Any CPU
		{5DEC309F-AC94-443D-9014-D091325D1F5F}.Debug|Any CPU.Build.0 = Debug|Any CPU
		{5DEC309F-AC94-443D-9014-D091325D1F5F}.Release|Any CPU.ActiveCfg = Release|Any CPU
		{5DEC309F-AC94-443D-9014-D091325D1F5F}.Release|Any CPU.Build.0 = Release|Any CPU
	EndGlobalSection
	GlobalSection(SolutionProperties) = preSolution
		HideSolutionNode = FALSE
	EndGlobalSection
	GlobalSection(ExtensibilityGlobals) = postSolution
		SolutionGuid = {23D2D8F6-884F-49D7-A20B-E84A9F35F2B9}
	EndGlobalSection
EndGlobal
